{
  "name": "udp2ws",
  "version": "1.0.0",
  "lockfileVersion": 2,
  "requires": true,
  "packages": {
    "": {
      "name": "udp2ws",
      "version": "1.0.0",
      "license": "MIT",
      "devDependencies": {
        "@shren/max-api-or-not": "^1.1.1",
        "@types/node": "^18.7.18",
        "@types/ws": "^8.5.3",
        "ws": "^8.8.1"
      }
    },
    "node_modules/@shren/max-api-or-not": {
      "version": "1.1.1",
      "resolved": "https://registry.npmjs.org/@shren/max-api-or-not/-/max-api-or-not-1.1.1.tgz",
      "integrity": "sha512-7RGZQPxo3TTTaBoB6gw9mNajycRxjM+9pBQXINxcjdbnntdxF7UCYLDYJNR8sV2BCmfXS/AusMOEL82zL7tTkQ==",
      "dev": true
    },
    "node_modules/@types/node": {
      "version": "18.7.18",
      "resolved": "https://registry.npmjs.org/@types/node/-/node-18.7.18.tgz",
      "integrity": "sha512-m+6nTEOadJZuTPkKR/SYK3A2d7FZrgElol9UP1Kae90VVU4a6mxnPuLiIW1m4Cq4gZ/nWb9GrdVXJCoCazDAbg==",
      "dev": true
    },
    "node_modules/@types/ws": {
      "version": "8.5.3",
      "resolved": "https://registry.npmjs.org/@types/ws/-/ws-8.5.3.tgz",
      "integrity": "sha512-6YOoWjruKj1uLf3INHH7D3qTXwFfEsg1kf3c0uDdSBJwfa/llkwIjrAGV7j7mVgGNbzTQ3HiHKKDXl6bJPD97w==",
      "dev": true,
      "dependencies": {
        "@types/node": "*"
      }
    },
    "node_modules/ws": {
      "version": "8.8.1",
      "resolved": "https://registry.npmjs.org/ws/-/ws-8.8.1.tgz",
      "integrity": "sha512-bGy2JzvzkPowEJV++hF07hAD6niYSr0JzBNo/J29WsB57A2r7Wlc1UFcTR9IzrPvuNVO4B8LGqF8qcpsVOhJCA==",
      "dev": true,
      "engines": {
        "node": ">=10.0.0"
      },
      "peerDependencies": {
        "bufferutil": "^4.0.1",
        "utf-8-validate": "^5.0.2"
      },
      "peerDependenciesMeta": {
        "bufferutil": {
          "optional": true
        },
        "utf-8-validate": {
          "optional": true
        }
      }
    }
  },
  "dependencies": {
    "@shren/max-api-or-not": {
      "version": "1.1.1",
      "resolved": "https://registry.npmjs.org/@shren/max-api-or-not/-/max-api-or-not-1.1.1.tgz",
      "integrity": "sha512-7RGZQPxo3TTTaBoB6gw9mNajycRxjM+9pBQXINxcjdbnntdxF7UCYLDYJNR8sV2BCmfXS/AusMOEL82zL7tTkQ==",
      "dev": true
    },
    "@types/node": {
      "version": "18.7.18",
      "resolved": "https://registry.npmjs.org/@types/node/-/node-18.7.18.tgz",
      "integrity": "sha512-m+6nTEOadJZuTPkKR/SYK3A2d7FZrgElol9UP1Kae90VVU4a6mxnPuLiIW1m4Cq4gZ/nWb9GrdVXJCoCazDAbg==",
      "dev": true
    },
    "@types/ws": {
      "version": "8.5.3",
      "resolved": "https://registry.npmjs.org/@types/ws/-/ws-8.5.3.tgz",
      "integrity": "sha512-6YOoWjruKj1uLf3INHH7D3qTXwFfEsg1kf3c0uDdSBJwfa/llkwIjrAGV7j7mVgGNbzTQ3HiHKKDXl6bJPD97w==",
      "dev": true,
      "requires": {
        "@types/node": "*"
      }
    },
    "ws": {
      "version": "8.8.1",
      "resolved": "https://registry.npmjs.org/ws/-/ws-8.8.1.tgz",
      "integrity": "sha512-bGy2JzvzkPowEJV++hF07hAD6niYSr0JzBNo/J29WsB57A2r7Wlc1UFcTR9IzrPvuNVO4B8LGqF8qcpsVOhJCA==",
      "dev": true,
      "requires": {}
    }
  }
}
